// !$*UTF8*$!
{
	archiveVersion = 1;
	classes = {
	};
	objectVersion = 77;
	objects = {

/* Begin PBXBuildFile section */
		348C57253005B7BA009295D8 /* CashbackShareExtension.appex in Embed Foundation Extensions */ = {isa = PBXBuildFile; fileRef = 348C571B3005B7BA009295D8 /* CashbackShareExtension.appex */; settings = {ATTRIBUTES = (RemoveHeadersOnCopy, ); }; };
		34A68FDB30063C4D00008B5E /* CashbackHelperShortcuts.appex in Embed ExtensionKit Extensions */ = {isa = PBXBuildFile; fileRef = 34A68FD230063C4D00008B5E /* CashbackHelperShortcuts.appex */; settings = {ATTRIBUTES = (RemoveHeadersOnCopy, ); }; };
/* End PBXBuildFile section */

/* Begin PBXContainerItemProxy section */
		348C57233005B7BA009295D8 /* PBXContainerItemProxy */ = {
			isa = PBXContainerItemProxy;
			containerPortal = 34AD9FBD30053F220061EEFA /* Project object */;
			proxyType = 1;
			remoteGlobalIDString = 348C571A3005B7BA009295D8;
			remoteInfo = CashbackShareExtension;
		};
		34A68FD930063C4D00008B5E /* PBXContainerItemProxy */ = {
			isa = PBXContainerItemProxy;
			containerPortal = 34AD9FBD30053F220061EEFA /* Project object */;
			proxyType = 1;
			remoteGlobalIDString = 34A68FD130063C4D00008B5E;
			remoteInfo = CashbackHelperShortcuts;
		};
/* End PBXContainerItemProxy section */

/* Begin PBXCopyFilesBuildPhase section */
		348C57153005B6A7009295D8 /* Embed Foundation Extensions */ = {
			isa = PBXCopyFilesBuildPhase;
			buildActionMask = 2147483647;
			dstPath = "";
			dstSubfolderSpec = 13;
			files = (
				348C57253005B7BA009295D8 /* CashbackShareExtension.appex in Embed Foundation Extensions */,
			);
			name = "Embed Foundation Extensions";
			runOnlyForDeploymentPostprocessing = 0;
		};
		34A68FE030063C4D00008B5E /* Embed ExtensionKit Extensions */ = {
			isa = PBXCopyFilesBuildPhase;
			buildActionMask = 2147483647;
			dstPath = "$(EXTENSIONS_FOLDER_PATH)";
			dstSubfolderSpec = 16;
			files = (
				34A68FDB30063C4D00008B5E /* CashbackHelperShortcuts.appex in Embed ExtensionKit Extensions */,
			);
			name = "Embed ExtensionKit Extensions";
			runOnlyForDeploymentPostprocessing = 0;
		};
/* End PBXCopyFilesBuildPhase section */

/* Begin PBXFileReference section */
		348C571B3005B7BA009295D8 /* CashbackShareExtension.appex */ = {isa = PBXFileReference; explicitFileType = "wrapper.app-extension"; includeInIndex = 0; path = CashbackShareExtension.appex; sourceTree = BUILT_PRODUCTS_DIR; };
		34982525300549DB0027AF3F /* CashbackHelperApp.app */ = {isa = PBXFileReference; explicitFileType = wrapper.application; includeInIndex = 0; path = CashbackHelperApp.app; sourceTree = BUILT_PRODUCTS_DIR; };
		34A68FD230063C4D00008B5E /* CashbackHelperShortcuts.appex */ = {isa = PBXFileReference; explicitFileType = "wrapper.extensionkit-extension"; includeInIndex = 0; path = CashbackHelperShortcuts.appex; sourceTree = BUILT_PRODUCTS_DIR; };
/* End PBXFileReference section */

/* Begin PBXFileSystemSynchronizedBuildFileExceptionSet section */
		342A1D8430055E8400839C3E /* Exceptions for "CashbackHelperApp" folder in "CashbackHelperApp" target */ = {
			isa = PBXFileSystemSynchronizedBuildFileExceptionSet;
			membershipExceptions = (
				Info.plist,
				Services/CashbackCopyService.swift,
				ViewModels/EditViewModel.swift,
				ViewModels/MonthViewModel.swift,
				ViewModels/SearchViewModel.swift,
				Views/Components/MonthSelectorView.swift,
				Views/Edit/CategoryRowView.swift,
				Views/Edit/EditView.swift,
			);
			target = 34982524300549DB0027AF3F /* CashbackHelperApp */;
		};
		348C57343005B96B009295D8 /* Exceptions for "CashbackHelperApp" folder in "CashbackShareExtension" target */ = {
			isa = PBXFileSystemSynchronizedBuildFileExceptionSet;
			membershipExceptions = (
				Models/AppMonth.swift,
				Models/Bank.swift,
				Models/CashbackOffer.swift,
				Models/CategoryDictionaryItem.swift,
				Models/Person.swift,
				Shared/ModelContainerProvider.swift,
				Shared/Models/ParsedCashbackOffer.swift,
				Shared/Navigation/PendingRouteStore.swift,
				Shared/Repository/ShareRepository.swift,
				Shared/Services/CashbackTextParser.swift,
				Shared/Services/OCRService.swift,
				"Utils/Date+Month.swift",
			);
			target = 348C571A3005B7BA009295D8 /* CashbackShareExtension */;
		};
		34A68F0E3005BA0A00008B5E /* Exceptions for "CashbackShareExtension" folder in "CashbackShareExtension" target */ = {
			isa = PBXFileSystemSynchronizedBuildFileExceptionSet;
			membershipExceptions = (
				MainInterface.storyboard,
				ShareExtensionContainer.swift,
				ShareExtensionModel.swift,
				ShareExtensionView.swift,
				ShareViewController.swift,
			);
			target = 348C571A3005B7BA009295D8 /* CashbackShareExtension */;
		};
		34A68FDF30063C4D00008B5E /* Exceptions for "CashbackHelperShortcuts" folder in "CashbackHelperShortcuts" target */ = {
			isa = PBXFileSystemSynchronizedBuildFileExceptionSet;
			membershipExceptions = (
				Info.plist,
			);
			target = 34A68FD130063C4D00008B5E /* CashbackHelperShortcuts */;
		};
		34A68FF83006661B00008B5E /* Exceptions for "CashbackHelperApp" folder in "CashbackHelperShortcuts" target */ = {
			isa = PBXFileSystemSynchronizedBuildFileExceptionSet;
			membershipExceptions = (
				AppIntents/BestCashbackIntent.swift,
				AppIntents/CategoryEntity.swift,
				AppIntents/CategoryQuery.swift,
				Models/AppMonth.swift,
				Models/Bank.swift,
				Models/BestCashbackResult.swift,
				Models/CashbackOffer.swift,
				Models/CategoryDictionaryItem.swift,
				Models/Person.swift,
				Services/CashbackSearchService.swift,
				Shared/ModelContainerProvider.swift,
				Shared/Services/BestCashbackService.swift,
			);
			target = 34A68FD130063C4D00008B5E /* CashbackHelperShortcuts */;
		};
/* End PBXFileSystemSynchronizedBuildFileExceptionSet section */

/* Begin PBXFileSystemSynchronizedRootGroup section */
		348C57073005B6A7009295D8 /* CashbackShareExtension */ = {
			isa = PBXFileSystemSynchronizedRootGroup;
			exceptions = (
				34A68F0E3005BA0A00008B5E /* Exceptions for "CashbackShareExtension" folder in "CashbackShareExtension" target */,
			);
			path = CashbackShareExtension;
			sourceTree = "<group>";
		};
		34982526300549DB0027AF3F /* CashbackHelperApp */ = {
			isa = PBXFileSystemSynchronizedRootGroup;
			exceptions = (
				342A1D8430055E8400839C3E /* Exceptions for "CashbackHelperApp" folder in "CashbackHelperApp" target */,
				348C57343005B96B009295D8 /* Exceptions for "CashbackHelperApp" folder in "CashbackShareExtension" target */,
				34A68FF83006661B00008B5E /* Exceptions for "CashbackHelperApp" folder in "CashbackHelperShortcuts" target */,
			);
			path = CashbackHelperApp;
			sourceTree = "<group>";
		};
		34A68FD330063C4D00008B5E /* CashbackHelperShortcuts */ = {
			isa = PBXFileSystemSynchronizedRootGroup;
			exceptions = (
				34A68FDF30063C4D00008B5E /* Exceptions for "CashbackHelperShortcuts" folder in "CashbackHelperShortcuts" target */,
			);
			path = CashbackHelperShortcuts;
			sourceTree = "<group>";
		};
/* End PBXFileSystemSynchronizedRootGroup section */

/* Begin PBXFrameworksBuildPhase section */
		348C57183005B7BA009295D8 /* Frameworks */ = {
			isa = PBXFrameworksBuildPhase;
			buildActionMask = 2147483647;
			files = (
			);
			runOnlyForDeploymentPostprocessing = 0;
		};
		34982522300549DB0027AF3F /* Frameworks */ = {
			isa = PBXFrameworksBuildPhase;
			buildActionMask = 2147483647;
			files = (
			);
			runOnlyForDeploymentPostprocessing = 0;
		};
		34A68FCF30063C4D00008B5E /* Frameworks */ = {
			isa = PBXFrameworksBuildPhase;
			buildActionMask = 2147483647;
			files = (
			);
			runOnlyForDeploymentPostprocessing = 0;
		};
/* End PBXFrameworksBuildPhase section */

/* Begin PBXGroup section */
		34AD9FBC30053F220061EEFA = {
			isa = PBXGroup;
			children = (
				34982526300549DB0027AF3F /* CashbackHelperApp */,
				348C57073005B6A7009295D8 /* CashbackShareExtension */,
				34A68FD330063C4D00008B5E /* CashbackHelperShortcuts */,
				34AD9FC730053F220061EEFA /* Products */,
			);
			sourceTree = "<group>";
		};
		34AD9FC730053F220061EEFA /* Products */ = {
			isa = PBXGroup;
			children = (
				34982525300549DB0027AF3F /* CashbackHelperApp.app */,
				348C571B3005B7BA009295D8 /* CashbackShareExtension.appex */,
				34A68FD230063C4D00008B5E /* CashbackHelperShortcuts.appex */,
			);
			name = Products;
			sourceTree = "<group>";
		};
/* End PBXGroup section */

/* Begin PBXNativeTarget section */
		348C571A3005B7BA009295D8 /* CashbackShareExtension */ = {
			isa = PBXNativeTarget;
			buildConfigurationList = 348C57263005B7BA009295D8 /* Build configuration list for PBXNativeTarget "CashbackShareExtension" */;
			buildPhases = (
				348C57173005B7BA009295D8 /* Sources */,
				348C57183005B7BA009295D8 /* Frameworks */,
				348C57193005B7BA009295D8 /* Resources */,
			);
			buildRules = (
			);
			dependencies = (
			);
			name = CashbackShareExtension;
			packageProductDependencies = (
			);
			productName = CashbackShareExtension;
			productReference = 348C571B3005B7BA009295D8 /* CashbackShareExtension.appex */;
			productType = "com.apple.product-type.app-extension";
		};
		34982524300549DB0027AF3F /* CashbackHelperApp */ = {
			isa = PBXNativeTarget;
			buildConfigurationList = 3498252D300549DC0027AF3F /* Build configuration list for PBXNativeTarget "CashbackHelperApp" */;
			buildPhases = (
				34982521300549DB0027AF3F /* Sources */,
				34982522300549DB0027AF3F /* Frameworks */,
				34982523300549DB0027AF3F /* Resources */,
				348C57153005B6A7009295D8 /* Embed Foundation Extensions */,
				34A68FE030063C4D00008B5E /* Embed ExtensionKit Extensions */,
			);
			buildRules = (
			);
			dependencies = (
				348C57243005B7BA009295D8 /* PBXTargetDependency */,
				34A68FDA30063C4D00008B5E /* PBXTargetDependency */,
			);
			fileSystemSynchronizedGroups = (
				34982526300549DB0027AF3F /* CashbackHelperApp */,
			);
			name = CashbackHelperApp;
			packageProductDependencies = (
			);
			productName = CashbackHelperApp;
			productReference = 34982525300549DB0027AF3F /* CashbackHelperApp.app */;
			productType = "com.apple.product-type.application";
		};
		34A68FD130063C4D00008B5E /* CashbackHelperShortcuts */ = {
			isa = PBXNativeTarget;
			buildConfigurationList = 34A68FDC30063C4D00008B5E /* Build configuration list for PBXNativeTarget "CashbackHelperShortcuts" */;
			buildPhases = (
				34A68FCE30063C4D00008B5E /* Sources */,
				34A68FCF30063C4D00008B5E /* Frameworks */,
				34A68FD030063C4D00008B5E /* Resources */,
			);
			buildRules = (
			);
			dependencies = (
			);
			fileSystemSynchronizedGroups = (
				34A68FD330063C4D00008B5E /* CashbackHelperShortcuts */,
			);
			name = CashbackHelperShortcuts;
			packageProductDependencies = (
			);
			productName = CashbackHelperShortcuts;
			productReference = 34A68FD230063C4D00008B5E /* CashbackHelperShortcuts.appex */;
			productType = "com.apple.product-type.extensionkit-extension";
		};
/* End PBXNativeTarget section */

/* Begin PBXProject section */
		34AD9FBD30053F220061EEFA /* Project object */ = {
			isa = PBXProject;
			attributes = {
				BuildIndependentTargetsInParallel = 1;
				LastSwiftUpdateCheck = 2660;
				LastUpgradeCheck = 2660;
				TargetAttributes = {
					348C571A3005B7BA009295D8 = {
						CreatedOnToolsVersion = 26.6;
					};
					34982524300549DB0027AF3F = {
						CreatedOnToolsVersion = 26.6;
					};
					34A68FD130063C4D00008B5E = {
						CreatedOnToolsVersion = 26.6;
					};
				};
			};
			buildConfigurationList = 34AD9FC030053F220061EEFA /* Build configuration list for PBXProject "CashbackHelper" */;
			developmentRegion = en;
			hasScannedForEncodings = 0;
			knownRegions = (
				en,
				Base,
			);
			mainGroup = 34AD9FBC30053F220061EEFA;
			minimizedProjectReferenceProxies = 1;
			preferredProjectObjectVersion = 77;
			productRefGroup = 34AD9FC730053F220061EEFA /* Products */;
			projectDirPath = "";
			projectRoot = "";
			targets = (
				34982524300549DB0027AF3F /* CashbackHelperApp */,
				348C571A3005B7BA009295D8 /* CashbackShareExtension */,
				34A68FD130063C4D00008B5E /* CashbackHelperShortcuts */,
			);
		};
/* End PBXProject section */

/* Begin PBXResourcesBuildPhase section */
		348C57193005B7BA009295D8 /* Resources */ = {
			isa = PBXResourcesBuildPhase;
			buildActionMask = 2147483647;
			files = (
			);
			runOnlyForDeploymentPostprocessing = 0;
		};
		34982523300549DB0027AF3F /* Resources */ = {
			isa = PBXResourcesBuildPhase;
			buildActionMask = 2147483647;
			files = (
			);
			runOnlyForDeploymentPostprocessing = 0;
		};
		34A68FD030063C4D00008B5E /* Resources */ = {
			isa = PBXResourcesBuildPhase;
			buildActionMask = 2147483647;
			files = (
			);
			runOnlyForDeploymentPostprocessing = 0;
		};
/* End PBXResourcesBuildPhase section */

/* Begin PBXSourcesBuildPhase section */
		348C57173005B7BA009295D8 /* Sources */ = {
			isa = PBXSourcesBuildPhase;
			buildActionMask = 2147483647;
			files = (
			);
			runOnlyForDeploymentPostprocessing = 0;
		};
		34982521300549DB0027AF3F /* Sources */ = {
			isa = PBXSourcesBuildPhase;
			buildActionMask = 2147483647;
			files = (
			);
			runOnlyForDeploymentPostprocessing = 0;
		};
		34A68FCE30063C4D00008B5E /* Sources */ = {
			isa = PBXSourcesBuildPhase;
			buildActionMask = 2147483647;
			files = (
			);
			runOnlyForDeploymentPostprocessing = 0;
		};
/* End PBXSourcesBuildPhase section */

/* Begin PBXTargetDependency section */
		348C57243005B7BA009295D8 /* PBXTargetDependency */ = {
			isa = PBXTargetDependency;
			target = 348C571A3005B7BA009295D8 /* CashbackShareExtension */;
			targetProxy = 348C57233005B7BA009295D8 /* PBXContainerItemProxy */;
		};
		34A68FDA30063C4D00008B5E /* PBXTargetDependency */ = {
			isa = PBXTargetDependency;
			target = 34A68FD130063C4D00008B5E /* CashbackHelperShortcuts */;
			targetProxy = 34A68FD930063C4D00008B5E /* PBXContainerItemProxy */;
		};
/* End PBXTargetDependency section */

/* Begin XCBuildConfiguration section */
		348C57273005B7BA009295D8 /* Debug */ = {
			isa = XCBuildConfiguration;
			buildSettings = {
				CODE_SIGN_ENTITLEMENTS = CashbackShareExtension/CashbackShareExtension.entitlements;
				CODE_SIGN_STYLE = Automatic;
				CURRENT_PROJECT_VERSION = 1;
				DEVELOPMENT_TEAM = 95E5XJFA6C;
				GENERATE_INFOPLIST_FILE = YES;
				INFOPLIST_FILE = CashbackShareExtension/Info.plist;
				INFOPLIST_KEY_CFBundleDisplayName = CashbackShareExtension;
				INFOPLIST_KEY_NSHumanReadableCopyright = "";
				LD_RUNPATH_SEARCH_PATHS = (
					"$(inherited)",
					"@executable_path/Frameworks",
					"@executable_path/../../Frameworks",
				);
				MARKETING_VERSION = 1.0;
				PRODUCT_BUNDLE_IDENTIFIER = VetalNax.CashbackHelperApp.CashbackShareExtension;
				PRODUCT_NAME = "$(TARGET_NAME)";
				SKIP_INSTALL = YES;
				STRING_CATALOG_GENERATE_SYMBOLS = YES;
				SWIFT_APPROACHABLE_CONCURRENCY = YES;
				SWIFT_EMIT_LOC_STRINGS = YES;
				SWIFT_UPCOMING_FEATURE_MEMBER_IMPORT_VISIBILITY = YES;
				SWIFT_VERSION = 5.0;
				TARGETED_DEVICE_FAMILY = "1,2";
			};
			name = Debug;
		};
		348C57283005B7BA009295D8 /* Release */ = {
			isa = XCBuildConfiguration;
			buildSettings = {
				CODE_SIGN_ENTITLEMENTS = CashbackShareExtension/CashbackShareExtension.entitlements;
				CODE_SIGN_STYLE = Automatic;
				CURRENT_PROJECT_VERSION = 1;
				DEVELOPMENT_TEAM = 95E5XJFA6C;
				GENERATE_INFOPLIST_FILE = YES;
				INFOPLIST_FILE = CashbackShareExtension/Info.plist;
				INFOPLIST_KEY_CFBundleDisplayName = CashbackShareExtension;
				INFOPLIST_KEY_NSHumanReadableCopyright = "";
				LD_RUNPATH_SEARCH_PATHS = (
					"$(inherited)",
					"@executable_path/Frameworks",
					"@executable_path/../../Frameworks",
				);
				MARKETING_VERSION = 1.0;
				PRODUCT_BUNDLE_IDENTIFIER = VetalNax.CashbackHelperApp.CashbackShareExtension;
				PRODUCT_NAME = "$(TARGET_NAME)";
				SKIP_INSTALL = YES;
				STRING_CATALOG_GENERATE_SYMBOLS = YES;
				SWIFT_APPROACHABLE_CONCURRENCY = YES;
				SWIFT_EMIT_LOC_STRINGS = YES;
				SWIFT_UPCOMING_FEATURE_MEMBER_IMPORT_VISIBILITY = YES;
				SWIFT_VERSION = 5.0;
				TARGETED_DEVICE_FAMILY = "1,2";
			};
			name = Release;
		};
		3498252E300549DC0027AF3F /* Debug */ = {
			isa = XCBuildConfiguration;
			buildSettings = {
				ASSETCATALOG_COMPILER_APPICON_NAME = AppIcon;
				ASSETCATALOG_COMPILER_GLOBAL_ACCENT_COLOR_NAME = AccentColor;
				CODE_SIGN_ENTITLEMENTS = CashbackHelperApp/CashbackHelperApp.entitlements;
				CODE_SIGN_IDENTITY = "Apple Development";
				CODE_SIGN_STYLE = Automatic;
				CURRENT_PROJECT_VERSION = 1;
				DEVELOPMENT_TEAM = 95E5XJFA6C;
				ENABLE_PREVIEWS = YES;
				GENERATE_INFOPLIST_FILE = YES;
				INFOPLIST_FILE = CashbackHelperApp/Info.plist;
				INFOPLIST_KEY_UIApplicationSceneManifest_Generation = YES;
				INFOPLIST_KEY_UIApplicationSupportsIndirectInputEvents = YES;
				INFOPLIST_KEY_UILaunchScreen_Generation = YES;
				INFOPLIST_KEY_UISupportedInterfaceOrientations_iPad = "UIInterfaceOrientationPortrait UIInterfaceOrientationPortraitUpsideDown UIInterfaceOrientationLandscapeLeft UIInterfaceOrientationLandscapeRight";
				INFOPLIST_KEY_UISupportedInterfaceOrientations_iPhone = "UIInterfaceOrientationPortrait UIInterfaceOrientationLandscapeLeft UIInterfaceOrientationLandscapeRight";
				LD_RUNPATH_SEARCH_PATHS = (
					"$(inherited)",
					"@executable_path/Frameworks",
				);
				MARKETING_VERSION = 1.0;
				PRODUCT_BUNDLE_IDENTIFIER = VetalNax.CashbackHelperApp;
				PRODUCT_NAME = "$(TARGET_NAME)";
				PROVISIONING_PROFILE_SPECIFIER = "";
				STRING_CATALOG_GENERATE_SYMBOLS = YES;
				SWIFT_APPROACHABLE_CONCURRENCY = YES;
				SWIFT_DEFAULT_ACTOR_ISOLATION = MainActor;
				SWIFT_EMIT_LOC_STRINGS = YES;
				SWIFT_UPCOMING_FEATURE_MEMBER_IMPORT_VISIBILITY = YES;
				SWIFT_VERSION = 5.0;
				TARGETED_DEVICE_FAMILY = "1,2";
			};
			name = Debug;
		};
		3498252F300549DC0027AF3F /* Release */ = {
			isa = XCBuildConfiguration;
			buildSettings = {
				ASSETCATALOG_COMPILER_APPICON_NAME = AppIcon;
				ASSETCATALOG_COMPILER_GLOBAL_ACCENT_COLOR_NAME = AccentColor;
				CODE_SIGN_ENTITLEMENTS = CashbackHelperApp/CashbackHelperApp.entitlements;
				CODE_SIGN_IDENTITY = "Apple Development";
				CODE_SIGN_STYLE = Automatic;
				CURRENT_PROJECT_VERSION = 1;
				DEVELOPMENT_TEAM = 95E5XJFA6C;
				ENABLE_PREVIEWS = YES;
				GENERATE_INFOPLIST_FILE = YES;
				INFOPLIST_FILE = CashbackHelperApp/Info.plist;
				INFOPLIST_KEY_UIApplicationSceneManifest_Generation = YES;
				INFOPLIST_KEY_UIApplicationSupportsIndirectInputEvents = YES;
				INFOPLIST_KEY_UILaunchScreen_Generation = YES;
				INFOPLIST_KEY_UISupportedInterfaceOrientations_iPad = "UIInterfaceOrientationPortrait UIInterfaceOrientationPortraitUpsideDown UIInterfaceOrientationLandscapeLeft UIInterfaceOrientationLandscapeRight";
				INFOPLIST_KEY_UISupportedInterfaceOrientations_iPhone = "UIInterfaceOrientationPortrait UIInterfaceOrientationLandscapeLeft UIInterfaceOrientationLandscapeRight";
				LD_RUNPATH_SEARCH_PATHS = (
					"$(inherited)",
					"@executable_path/Frameworks",
				);
				MARKETING_VERSION = 1.0;
				PRODUCT_BUNDLE_IDENTIFIER = VetalNax.CashbackHelperApp;
				PRODUCT_NAME = "$(TARGET_NAME)";
				PROVISIONING_PROFILE_SPECIFIER = "";
				STRING_CATALOG_GENERATE_SYMBOLS = YES;
				SWIFT_APPROACHABLE_CONCURRENCY = YES;
				SWIFT_DEFAULT_ACTOR_ISOLATION = MainActor;
				SWIFT_EMIT_LOC_STRINGS = YES;
				SWIFT_UPCOMING_FEATURE_MEMBER_IMPORT_VISIBILITY = YES;
				SWIFT_VERSION = 5.0;
				TARGETED_DEVICE_FAMILY = "1,2";
			};
			name = Release;
		};
		34A68FDD30063C4D00008B5E /* Debug */ = {
			isa = XCBuildConfiguration;
			buildSettings = {
				CODE_SIGN_IDENTITY = "Apple Development";
				CODE_SIGN_STYLE = Automatic;
				CURRENT_PROJECT_VERSION = 1;
				DEVELOPMENT_TEAM = 95E5XJFA6C;
				GENERATE_INFOPLIST_FILE = YES;
				INFOPLIST_FILE = CashbackHelperShortcuts/Info.plist;
				INFOPLIST_KEY_CFBundleDisplayName = CashbackHelperShortcuts;
				INFOPLIST_KEY_NSHumanReadableCopyright = "";
				LD_RUNPATH_SEARCH_PATHS = (
					"$(inherited)",
					"@executable_path/Frameworks",
					"@executable_path/../../Frameworks",
				);
				MARKETING_VERSION = 1.0;
				PRODUCT_BUNDLE_IDENTIFIER = VetalNax.CashbackHelperApp.CashbackHelperShortcuts;
				PRODUCT_NAME = "$(TARGET_NAME)";
				SKIP_INSTALL = YES;
				STRING_CATALOG_GENERATE_SYMBOLS = YES;
				SWIFT_APPROACHABLE_CONCURRENCY = YES;
				SWIFT_EMIT_LOC_STRINGS = YES;
				SWIFT_UPCOMING_FEATURE_MEMBER_IMPORT_VISIBILITY = YES;
				SWIFT_VERSION = 5.0;
				TARGETED_DEVICE_FAMILY = "1,2";
			};
			name = Debug;
		};
		34A68FDE30063C4D00008B5E /* Release */ = {
			isa = XCBuildConfiguration;
			buildSettings = {
				CODE_SIGN_IDENTITY = "Apple Development";
				CODE_SIGN_STYLE = Automatic;
				CURRENT_PROJECT_VERSION = 1;
				DEVELOPMENT_TEAM = 95E5XJFA6C;
				GENERATE_INFOPLIST_FILE = YES;
				INFOPLIST_FILE = CashbackHelperShortcuts/Info.plist;
				INFOPLIST_KEY_CFBundleDisplayName = CashbackHelperShortcuts;
				INFOPLIST_KEY_NSHumanReadableCopyright = "";
				LD_RUNPATH_SEARCH_PATHS = (
					"$(inherited)",
					"@executable_path/Frameworks",
					"@executable_path/../../Frameworks",
				);
				MARKETING_VERSION = 1.0;
				PRODUCT_BUNDLE_IDENTIFIER = VetalNax.CashbackHelperApp.CashbackHelperShortcuts;
				PRODUCT_NAME = "$(TARGET_NAME)";
				SKIP_INSTALL = YES;
				STRING_CATALOG_GENERATE_SYMBOLS = YES;
				SWIFT_APPROACHABLE_CONCURRENCY = YES;
				SWIFT_EMIT_LOC_STRINGS = YES;
				SWIFT_UPCOMING_FEATURE_MEMBER_IMPORT_VISIBILITY = YES;
				SWIFT_VERSION = 5.0;
				TARGETED_DEVICE_FAMILY = "1,2";
			};
			name = Release;
		};
		34AD9FCD30053F220061EEFA /* Debug */ = {
			isa = XCBuildConfiguration;
			buildSettings = {
				ALWAYS_SEARCH_USER_PATHS = NO;
				ASSETCATALOG_COMPILER_GENERATE_SWIFT_ASSET_SYMBOL_EXTENSIONS = YES;
				CLANG_ANALYZER_NONNULL = YES;
				CLANG_ANALYZER_NUMBER_OBJECT_CONVERSION = YES_AGGRESSIVE;
				CLANG_CXX_LANGUAGE_STANDARD = "gnu++20";
				CLANG_ENABLE_MODULES = YES;
				CLANG_ENABLE_OBJC_ARC = YES;
				CLANG_ENABLE_OBJC_WEAK = YES;
				CLANG_WARN_BLOCK_CAPTURE_AUTORELEASING = YES;
				CLANG_WARN_BOOL_CONVERSION = YES;
				CLANG_WARN_COMMA = YES;
				CLANG_WARN_CONSTANT_CONVERSION = YES;
				CLANG_WARN_DEPRECATED_OBJC_IMPLEMENTATIONS = YES;
				CLANG_WARN_DIRECT_OBJC_ISA_USAGE = YES_ERROR;
				CLANG_WARN_DOCUMENTATION_COMMENTS = YES;
				CLANG_WARN_EMPTY_BODY = YES;
				CLANG_WARN_ENUM_CONVERSION = YES;
				CLANG_WARN_INFINITE_RECURSION = YES;
				CLANG_WARN_INT_CONVERSION = YES;
				CLANG_WARN_NON_LITERAL_NULL_CONVERSION = YES;
				CLANG_WARN_OBJC_IMPLICIT_RETAIN_SELF = YES;
				CLANG_WARN_OBJC_LITERAL_CONVERSION = YES;
				CLANG_WARN_OBJC_ROOT_CLASS = YES_ERROR;
				CLANG_WARN_QUOTED_INCLUDE_IN_FRAMEWORK_HEADER = YES;
				CLANG_WARN_RANGE_LOOP_ANALYSIS = YES;
				CLANG_WARN_STRICT_PROTOTYPES = YES;
				CLANG_WARN_SUSPICIOUS_MOVE = YES;
				CLANG_WARN_UNGUARDED_AVAILABILITY = YES_AGGRESSIVE;
				CLANG_WARN_UNREACHABLE_CODE = YES;
				CLANG_WARN__DUPLICATE_METHOD_MATCH = YES;
				COPY_PHASE_STRIP = NO;
				CURRENT_PROJECT_VERSION = 1;
				DEBUG_INFORMATION_FORMAT = dwarf;
				DEVELOPMENT_TEAM = 95E5XJFA6C;
				ENABLE_STRICT_OBJC_MSGSEND = YES;
				ENABLE_TESTABILITY = YES;
				ENABLE_USER_SCRIPT_SANDBOXING = YES;
				GCC_C_LANGUAGE_STANDARD = gnu17;
				GCC_DYNAMIC_NO_PIC = NO;
				GCC_NO_COMMON_BLOCKS = YES;
				GCC_OPTIMIZATION_LEVEL = 0;
				GCC_PREPROCESSOR_DEFINITIONS = (
					"DEBUG=1",
					"$(inherited)",
				);
				GCC_WARN_64_TO_32_BIT_CONVERSION = YES;
				GCC_WARN_ABOUT_RETURN_TYPE = YES_ERROR;
				GCC_WARN_UNDECLARED_SELECTOR = YES;
				GCC_WARN_UNINITIALIZED_AUTOS = YES_AGGRESSIVE;
				GCC_WARN_UNUSED_FUNCTION = YES;
				GCC_WARN_UNUSED_VARIABLE = YES;
				IPHONEOS_DEPLOYMENT_TARGET = 26.5;
				LOCALIZATION_PREFERS_STRING_CATALOGS = YES;
				MTL_ENABLE_DEBUG_INFO = INCLUDE_SOURCE;
				MTL_FAST_MATH = YES;
				ONLY_ACTIVE_ARCH = YES;
				SDKROOT = iphoneos;
				SWIFT_ACTIVE_COMPILATION_CONDITIONS = "DEBUG $(inherited)";
				SWIFT_OPTIMIZATION_LEVEL = "-Onone";
				VERSIONING_SYSTEM = "apple-generic";
				VERSION_INFO_PREFIX = "";
			};
			name = Debug;
		};
		34AD9FCE30053F220061EEFA /* Release */ = {
			isa = XCBuildConfiguration;
			buildSettings = {
				ALWAYS_SEARCH_USER_PATHS = NO;
				ASSETCATALOG_COMPILER_GENERATE_SWIFT_ASSET_SYMBOL_EXTENSIONS = YES;
				CLANG_ANALYZER_NONNULL = YES;
				CLANG_ANALYZER_NUMBER_OBJECT_CONVERSION = YES_AGGRESSIVE;
				CLANG_CXX_LANGUAGE_STANDARD = "gnu++20";
				CLANG_ENABLE_MODULES = YES;
				CLANG_ENABLE_OBJC_ARC = YES;
				CLANG_ENABLE_OBJC_WEAK = YES;
				CLANG_WARN_BLOCK_CAPTURE_AUTORELEASING = YES;
				CLANG_WARN_BOOL_CONVERSION = YES;
				CLANG_WARN_COMMA = YES;
				CLANG_WARN_CONSTANT_CONVERSION = YES;
				CLANG_WARN_DEPRECATED_OBJC_IMPLEMENTATIONS = YES;
				CLANG_WARN_DIRECT_OBJC_ISA_USAGE = YES_ERROR;
				CLANG_WARN_DOCUMENTATION_COMMENTS = YES;
				CLANG_WARN_EMPTY_BODY = YES;
				CLANG_WARN_ENUM_CONVERSION = YES;
				CLANG_WARN_INFINITE_RECURSION = YES;
				CLANG_WARN_INT_CONVERSION = YES;
				CLANG_WARN_NON_LITERAL_NULL_CONVERSION = YES;
				CLANG_WARN_OBJC_IMPLICIT_RETAIN_SELF = YES;
				CLANG_WARN_OBJC_LITERAL_CONVERSION = YES;
				CLANG_WARN_OBJC_ROOT_CLASS = YES_ERROR;
				CLANG_WARN_QUOTED_INCLUDE_IN_FRAMEWORK_HEADER = YES;
				CLANG_WARN_RANGE_LOOP_ANALYSIS = YES;
				CLANG_WARN_STRICT_PROTOTYPES = YES;
				CLANG_WARN_SUSPICIOUS_MOVE = YES;
				CLANG_WARN_UNGUARDED_AVAILABILITY = YES_AGGRESSIVE;
				CLANG_WARN_UNREACHABLE_CODE = YES;
				CLANG_WARN__DUPLICATE_METHOD_MATCH = YES;
				COPY_PHASE_STRIP = NO;
				CURRENT_PROJECT_VERSION = 1;
				DEBUG_INFORMATION_FORMAT = "dwarf-with-dsym";
				DEVELOPMENT_TEAM = 95E5XJFA6C;
				ENABLE_NS_ASSERTIONS = NO;
				ENABLE_STRICT_OBJC_MSGSEND = YES;
				ENABLE_USER_SCRIPT_SANDBOXING = YES;
				GCC_C_LANGUAGE_STANDARD = gnu17;
				GCC_NO_COMMON_BLOCKS = YES;
				GCC_WARN_64_TO_32_BIT_CONVERSION = YES;
				GCC_WARN_ABOUT_RETURN_TYPE = YES_ERROR;
				GCC_WARN_UNDECLARED_SELECTOR = YES;
				GCC_WARN_UNINITIALIZED_AUTOS = YES_AGGRESSIVE;
				GCC_WARN_UNUSED_FUNCTION = YES;
				GCC_WARN_UNUSED_VARIABLE = YES;
				IPHONEOS_DEPLOYMENT_TARGET = 26.5;
				LOCALIZATION_PREFERS_STRING_CATALOGS = YES;
				MTL_ENABLE_DEBUG_INFO = NO;
				MTL_FAST_MATH = YES;
				SDKROOT = iphoneos;
				SWIFT_COMPILATION_MODE = wholemodule;
				VALIDATE_PRODUCT = YES;
				VERSIONING_SYSTEM = "apple-generic";
				VERSION_INFO_PREFIX = "";
			};
			name = Release;
		};
/* End XCBuildConfiguration section */

/* Begin XCConfigurationList section */
		348C57263005B7BA009295D8 /* Build configuration list for PBXNativeTarget "CashbackShareExtension" */ = {
			isa = XCConfigurationList;
			buildConfigurations = (
				348C57273005B7BA009295D8 /* Debug */,
				348C57283005B7BA009295D8 /* Release */,
			);
			defaultConfigurationIsVisible = 0;
			defaultConfigurationName = Release;
		};
		3498252D300549DC0027AF3F /* Build configuration list for PBXNativeTarget "CashbackHelperApp" */ = {
			isa = XCConfigurationList;
			buildConfigurations = (
				3498252E300549DC0027AF3F /* Debug */,
				3498252F300549DC0027AF3F /* Release */,
			);
			defaultConfigurationIsVisible = 0;
			defaultConfigurationName = Release;
		};
		34A68FDC30063C4D00008B5E /* Build configuration list for PBXNativeTarget "CashbackHelperShortcuts" */ = {
			isa = XCConfigurationList;
			buildConfigurations = (
				34A68FDD30063C4D00008B5E /* Debug */,
				34A68FDE30063C4D00008B5E /* Release */,
			);
			defaultConfigurationIsVisible = 0;
			defaultConfigurationName = Release;
		};
		34AD9FC030053F220061EEFA /* Build configuration list for PBXProject "CashbackHelper" */ = {
			isa = XCConfigurationList;
			buildConfigurations = (
				34AD9FCD30053F220061EEFA /* Debug */,
				34AD9FCE30053F220061EEFA /* Release */,
			);
			defaultConfigurationIsVisible = 0;
			defaultConfigurationName = Release;
		};
/* End XCConfigurationList section */
	};
	rootObject = 34AD9FBD30053F220061EEFA /* Project object */;
}
